
Microsoft Visual Studio Solution File, Format Version 12.00
# Visual Studio Version 17
VisualStudioVersion = 17.0.32112.339
MinimumVisualStudioVersion = 10.0.40219.1
Project("{9A19103F-16F7-4668-BE54-9A1E7A4F7556}") = "goscanner", "goscanner\goscanner.csproj", "{DCB4FA2F-9CA3-4535-B9AE-082D076DFB97}"
EndProject
Project("{2150E333-8FDC-42A3-9474-1A3956D46DE8}") = "utilities", "utilities", "{BC53B46E-B2FA-4174-A0A2-326DD554B237}"
EndProject
Project("{2150E333-8FDC-42A3-9474-1A3956D46DE8}") = "goscanner", "goscanner", "{78E6A8DC-83D6-4536-BE17-211B1B1D0D97}"
EndProject
Project("{9A19103F-16F7-4668-BE54-9A1E7A4F7556}") = "Antlr4.Runtime", "Utilities\Antlr4.Runtime\Antlr4.Runtime.csproj", "{6F74186C-18DC-4D9C-AC58-E22A67F4A040}"
EndProject
Project("{9A19103F-16F7-4668-BE54-9A1E7A4F7556}") = "CommandLine", "Utilities\CommandLine\CommandLine.csproj", "{23EED589-896E-4288-A241-4588EF7490B3}"
EndProject
Project("{9A19103F-16F7-4668-BE54-9A1E7A4F7556}") = "goscanner_common", "goscanner.Common\goscanner_common.csproj", "{FDFCA18C-618B-4CDD-BF27-0B60B0D941CE}"
EndProject
Global
	GlobalSection(SolutionConfigurationPlatforms) = preSolution
		Debug|Any CPU = Debug|Any CPU
		Release|Any CPU = Release|Any CPU
		SqlConv|Any CPU = SqlConv|Any CPU
	EndGlobalSection
	GlobalSection(ProjectConfigurationPlatforms) = postSolution
		{DCB4FA2F-9CA3-4535-B9AE-082D076DFB97}.Debug|Any CPU.ActiveCfg = Debug|Any CPU
		{DCB4FA2F-9CA3-4535-B9AE-082D076DFB97}.Debug|Any CPU.Build.0 = Debug|Any CPU
		{DCB4FA2F-9CA3-4535-B9AE-082D076DFB97}.Release|Any CPU.ActiveCfg = Release|Any CPU
		{DCB4FA2F-9CA3-4535-B9AE-082D076DFB97}.Release|Any CPU.Build.0 = Release|Any CPU
		{DCB4FA2F-9CA3-4535-B9AE-082D076DFB97}.SqlConv|Any CPU.ActiveCfg = SqlConv|Any CPU
		{DCB4FA2F-9CA3-4535-B9AE-082D076DFB97}.SqlConv|Any CPU.Build.0 = SqlConv|Any CPU
		{6F74186C-18DC-4D9C-AC58-E22A67F4A040}.Debug|Any CPU.ActiveCfg = Debug|Any CPU
		{6F74186C-18DC-4D9C-AC58-E22A67F4A040}.Debug|Any CPU.Build.0 = Debug|Any CPU
		{6F74186C-18DC-4D9C-AC58-E22A67F4A040}.Release|Any CPU.ActiveCfg = Release|Any CPU
		{6F74186C-18DC-4D9C-AC58-E22A67F4A040}.Release|Any CPU.Build.0 = Release|Any CPU
		{6F74186C-18DC-4D9C-AC58-E22A67F4A040}.SqlConv|Any CPU.ActiveCfg = SqlConv|Any CPU
		{6F74186C-18DC-4D9C-AC58-E22A67F4A040}.SqlConv|Any CPU.Build.0 = SqlConv|Any CPU
		{23EED589-896E-4288-A241-4588EF7490B3}.Debug|Any CPU.ActiveCfg = Debug|Any CPU
		{23EED589-896E-4288-A241-4588EF7490B3}.Debug|Any CPU.Build.0 = Debug|Any CPU
		{23EED589-896E-4288-A241-4588EF7490B3}.Release|Any CPU.ActiveCfg = Release|Any CPU
		{23EED589-896E-4288-A241-4588EF7490B3}.Release|Any CPU.Build.0 = Release|Any CPU
		{23EED589-896E-4288-A241-4588EF7490B3}.SqlConv|Any CPU.ActiveCfg = Debug|Any CPU
		{23EED589-896E-4288-A241-4588EF7490B3}.SqlConv|Any CPU.Build.0 = Debug|Any CPU
		{FDFCA18C-618B-4CDD-BF27-0B60B0D941CE}.Debug|Any CPU.ActiveCfg = Debug|Any CPU
		{FDFCA18C-618B-4CDD-BF27-0B60B0D941CE}.Debug|Any CPU.Build.0 = Debug|Any CPU
		{FDFCA18C-618B-4CDD-BF27-0B60B0D941CE}.Release|Any CPU.ActiveCfg = Release|Any CPU
		{FDFCA18C-618B-4CDD-BF27-0B60B0D941CE}.Release|Any CPU.Build.0 = Release|Any CPU
		{FDFCA18C-618B-4CDD-BF27-0B60B0D941CE}.SqlConv|Any CPU.ActiveCfg = Debug|Any CPU
		{FDFCA18C-618B-4CDD-BF27-0B60B0D941CE}.SqlConv|Any CPU.Build.0 = Debug|Any CPU
	EndGlobalSection
	GlobalSection(SolutionProperties) = preSolution
		HideSolutionNode = FALSE
	EndGlobalSection
	GlobalSection(NestedProjects) = preSolution
		{DCB4FA2F-9CA3-4535-B9AE-082D076DFB97} = {78E6A8DC-83D6-4536-BE17-211B1B1D0D97}
		{6F74186C-18DC-4D9C-AC58-E22A67F4A040} = {BC53B46E-B2FA-4174-A0A2-326DD554B237}
		{23EED589-896E-4288-A241-4588EF7490B3} = {BC53B46E-B2FA-4174-A0A2-326DD554B237}
		{FDFCA18C-618B-4CDD-BF27-0B60B0D941CE} = {78E6A8DC-83D6-4536-BE17-211B1B1D0D97}
	EndGlobalSection
	GlobalSection(ExtensibilityGlobals) = postSolution
		SolutionGuid = {96A9E85F-A473-4202-B41E-F0E5F3B9AF22}
	EndGlobalSection
EndGlobal
