
Microsoft Visual Studio Solution File, Format Version 12.00
# Visual Studio Version 16
VisualStudioVersion = 16.0.29609.76
MinimumVisualStudioVersion = 10.0.40219.1
Project("{FAE04EC0-301F-11D3-BF4B-00C04F79EFBC}") = "GoServerTool", "GoServerTool.csproj", "{06F3EA54-B7C3-4C08-A721-016A33D3F476}"
EndProject
Global
	GlobalSection(SolutionConfigurationPlatforms) = preSolution
		Debug|Any CPU = Debug|Any CPU
		Release|Any CPU = Release|Any CPU
	EndGlobalSection
	GlobalSection(ProjectConfigurationPlatforms) = postSolution
		{06F3EA54-B7C3-4C08-A721-016A33D3F476}.Debug|Any CPU.ActiveCfg = Debug|Any CPU
		{06F3EA54-B7C3-4C08-A721-016A33D3F476}.Debug|Any CPU.Build.0 = Debug|Any CPU
		{06F3EA54-B7C3-4C08-A721-016A33D3F476}.Release|Any CPU.ActiveCfg = Release|Any CPU
		{06F3EA54-B7C3-4C08-A721-016A33D3F476}.Release|Any CPU.Build.0 = Release|Any CPU
	EndGlobalSection
	GlobalSection(SolutionProperties) = preSolution
		HideSolutionNode = FALSE
	EndGlobalSection
	GlobalSection(ExtensibilityGlobals) = postSolution
		SolutionGuid = {8F67E823-D739-42BB-A3B2-BC1C01E75E3F}
	EndGlobalSection
EndGlobal
